
Microsoft Visual Studio Solution File, Format Version 12.00
# Visual Studio Version 17
VisualStudioVersion = 17.14.36603.0
MinimumVisualStudioVersion = 10.0.40219.1
Project("{FAE04EC0-301F-11D3-BF4B-00C04F79EFBC}") = "JokerApp", "JokerApp\JokerApp.csproj", "{1BC05574-91DD-4E14-86A6-7129556CDD3C}"
EndProject
Global
	GlobalSection(SolutionConfigurationPlatforms) = preSolution
		Debug|Any CPU = Debug|Any CPU
		Release|Any CPU = Release|Any CPU
	EndGlobalSection
	GlobalSection(ProjectConfigurationPlatforms) = postSolution
		{1BC05574-91DD-4E14-86A6-7129556CDD3C}.Debug|Any CPU.ActiveCfg = Debug|Any CPU
		{1BC05574-91DD-4E14-86A6-7129556CDD3C}.Debug|Any CPU.Build.0 = Debug|Any CPU
		{1BC05574-91DD-4E14-86A6-7129556CDD3C}.Debug|Any CPU.Deploy.0 = Debug|Any CPU
		{1BC05574-91DD-4E14-86A6-7129556CDD3C}.Release|Any CPU.ActiveCfg = Release|Any CPU
		{1BC05574-91DD-4E14-86A6-7129556CDD3C}.Release|Any CPU.Build.0 = Release|Any CPU
	EndGlobalSection
	GlobalSection(SolutionProperties) = preSolution
		HideSolutionNode = FALSE
	EndGlobalSection
	GlobalSection(ExtensibilityGlobals) = postSolution
		SolutionGuid = {A49403DF-87C2-48A4-8F72-2F54997C9A35}
	EndGlobalSection
EndGlobal
